// !$*UTF8*$!
{
	archiveVersion = 1;
	classes = {
	};
	objectVersion = 56;
	objects = {

/* Begin PBXBuildFile section */
		2F37C86C2989140F00A2C83D /* Memo.swift in Sources */ = {isa = PBXBuildFile; fileRef = 2F37C86B2989140F00A2C83D /* Memo.swift */; };
		2F37C86E2989FDF200A2C83D /* Color.swift in Sources */ = {isa = PBXBuildFile; fileRef = 2F37C86D2989FDF200A2C83D /* Color.swift */; };
		2F37C874298A036600A2C83D /* SourceHanSerifK-VF.ttf in Resources */ = {isa = PBXBuildFile; fileRef = 2F37C873298A036600A2C83D /* SourceHanSerifK-VF.ttf */; };
		2F37C877298A045100A2C83D /* Font.swift in Sources */ = {isa = PBXBuildFile; fileRef = 2F37C876298A045100A2C83D /* Font.swift */; };
		2F37C879298A076800A2C83D /* Text.swift in Sources */ = {isa = PBXBuildFile; fileRef = 2F37C878298A076800A2C83D /* Text.swift */; };
		2F37C87B298A0FDD00A2C83D /* BackButton.swift in Sources */ = {isa = PBXBuildFile; fileRef = 2F37C87A298A0FDD00A2C83D /* BackButton.swift */; };
		2F37C87D298A531C00A2C83D /* CreateMemoView.swift in Sources */ = {isa = PBXBuildFile; fileRef = 2F37C87C298A531C00A2C83D /* CreateMemoView.swift */; };
		2FFBF5C6298180CF005F8D50 /* PenCakeApp.swift in Sources */ = {isa = PBXBuildFile; fileRef = 2FFBF5C5298180CF005F8D50 /* PenCakeApp.swift */; };
		2FFBF5C8298180CF005F8D50 /* MainView.swift in Sources */ = {isa = PBXBuildFile; fileRef = 2FFBF5C7298180CF005F8D50 /* MainView.swift */; };
		2FFBF5CA298180D1005F8D50 /* Assets.xcassets in Resources */ = {isa = PBXBuildFile; fileRef = 2FFBF5C9298180D1005F8D50 /* Assets.xcassets */; };
		2FFBF5CD298180D1005F8D50 /* Preview Assets.xcassets in Resources */ = {isa = PBXBuildFile; fileRef = 2FFBF5CC298180D1005F8D50 /* Preview Assets.xcassets */; };
		2FFBF5CF298180D1005F8D50 /* Persistence.swift in Sources */ = {isa = PBXBuildFile; fileRef = 2FFBF5CE298180D1005F8D50 /* Persistence.swift */; };
		2FFBF5D2298180D1005F8D50 /* PenCake.xcdatamodeld in Sources */ = {isa = PBXBuildFile; fileRef = 2FFBF5D0298180D1005F8D50 /* PenCake.xcdatamodeld */; };
		2FFBF617298252F4005F8D50 /* ListView.swift in Sources */ = {isa = PBXBuildFile; fileRef = 2FFBF616298252F4005F8D50 /* ListView.swift */; };
		2FFBF61929825D64005F8D50 /* MemoView.swift in Sources */ = {isa = PBXBuildFile; fileRef = 2FFBF61829825D64005F8D50 /* MemoView.swift */; };
		2FFBF61B29860345005F8D50 /* PhotoPicker.swift in Sources */ = {isa = PBXBuildFile; fileRef = 2FFBF61A29860345005F8D50 /* PhotoPicker.swift */; };
		2FFBF61D29864535005F8D50 /* UpdateMemoView.swift in Sources */ = {isa = PBXBuildFile; fileRef = 2FFBF61C29864535005F8D50 /* UpdateMemoView.swift */; };
		2FFBF61F2986470D005F8D50 /* UpdateDiaryTitleView.swift in Sources */ = {isa = PBXBuildFile; fileRef = 2FFBF61E2986470D005F8D50 /* UpdateDiaryTitleView.swift */; };
/* End PBXBuildFile section */

/* Begin PBXFileReference section */
		2F37C86B2989140F00A2C83D /* Memo.swift */ = {isa = PBXFileReference; lastKnownFileType = sourcecode.swift; path = Memo.swift; sourceTree = "<group>"; };
		2F37C86D2989FDF200A2C83D /* Color.swift */ = {isa = PBXFileReference; lastKnownFileType = sourcecode.swift; path = Color.swift; sourceTree = "<group>"; };
		2F37C873298A036600A2C83D /* SourceHanSerifK-VF.ttf */ = {isa = PBXFileReference; lastKnownFileType = file; path = "SourceHanSerifK-VF.ttf"; sourceTree = "<group>"; };
		2F37C875298A03E600A2C83D /* Info.plist */ = {isa = PBXFileReference; lastKnownFileType = text.plist; path = Info.plist; sourceTree = "<group>"; };
		2F37C876298A045100A2C83D /* Font.swift */ = {isa = PBXFileReference; lastKnownFileType = sourcecode.swift; path = Font.swift; sourceTree = "<group>"; };
		2F37C878298A076800A2C83D /* Text.swift */ = {isa = PBXFileReference; lastKnownFileType = sourcecode.swift; path = Text.swift; sourceTree = "<group>"; };
		2F37C87A298A0FDD00A2C83D /* BackButton.swift */ = {isa = PBXFileReference; lastKnownFileType = sourcecode.swift; path = BackButton.swift; sourceTree = "<group>"; };
		2F37C87C298A531C00A2C83D /* CreateMemoView.swift */ = {isa = PBXFileReference; lastKnownFileType = sourcecode.swift; path = CreateMemoView.swift; sourceTree = "<group>"; };
		2FFBF5C2298180CF005F8D50 /* PenCake.app */ = {isa = PBXFileReference; explicitFileType = wrapper.application; includeInIndex = 0; path = PenCake.app; sourceTree = BUILT_PRODUCTS_DIR; };
		2FFBF5C5298180CF005F8D50 /* PenCakeApp.swift */ = {isa = PBXFileReference; lastKnownFileType = sourcecode.swift; path = PenCakeApp.swift; sourceTree = "<group>"; };
		2FFBF5C7298180CF005F8D50 /* MainView.swift */ = {isa = PBXFileReference; lastKnownFileType = sourcecode.swift; path = MainView.swift; sourceTree = "<group>"; };
		2FFBF5C9298180D1005F8D50 /* Assets.xcassets */ = {isa = PBXFileReference; lastKnownFileType = folder.assetcatalog; path = Assets.xcassets; sourceTree = "<group>"; };
		2FFBF5CC298180D1005F8D50 /* Preview Assets.xcassets */ = {isa = PBXFileReference; lastKnownFileType = folder.assetcatalog; path = "Preview Assets.xcassets"; sourceTree = "<group>"; };
		2FFBF5CE298180D1005F8D50 /* Persistence.swift */ = {isa = PBXFileReference; lastKnownFileType = sourcecode.swift; path = Persistence.swift; sourceTree = "<group>"; };
		2FFBF5D1298180D1005F8D50 /* PenCake.xcdatamodel */ = {isa = PBXFileReference; lastKnownFileType = wrapper.xcdatamodel; path = PenCake.xcdatamodel; sourceTree = "<group>"; };
		2FFBF616298252F4005F8D50 /* ListView.swift */ = {isa = PBXFileReference; lastKnownFileType = sourcecode.swift; path = ListView.swift; sourceTree = "<group>"; };
		2FFBF61829825D64005F8D50 /* MemoView.swift */ = {isa = PBXFileReference; lastKnownFileType = sourcecode.swift; path = MemoView.swift; sourceTree = "<group>"; };
		2FFBF61A29860345005F8D50 /* PhotoPicker.swift */ = {isa = PBXFileReference; lastKnownFileType = sourcecode.swift; path = PhotoPicker.swift; sourceTree = "<group>"; };
		2FFBF61C29864535005F8D50 /* UpdateMemoView.swift */ = {isa = PBXFileReference; lastKnownFileType = sourcecode.swift; path = UpdateMemoView.swift; sourceTree = "<group>"; };
		2FFBF61E2986470D005F8D50 /* UpdateDiaryTitleView.swift */ = {isa = PBXFileReference; lastKnownFileType = sourcecode.swift; path = UpdateDiaryTitleView.swift; sourceTree = "<group>"; };
/* End PBXFileReference section */

/* Begin PBXFrameworksBuildPhase section */
		2FFBF5BF298180CF005F8D50 /* Frameworks */ = {
			isa = PBXFrameworksBuildPhase;
			buildActionMask = 2147483647;
			files = (
			);
			runOnlyForDeploymentPostprocessing = 0;
		};
/* End PBXFrameworksBuildPhase section */

/* Begin PBXGroup section */
		2F37C86F298A013500A2C83D /* Util */ = {
			isa = PBXGroup;
			children = (
				2F37C87A298A0FDD00A2C83D /* BackButton.swift */,
				2F37C870298A014800A2C83D /* Extension */,
			);
			path = Util;
			sourceTree = "<group>";
		};
		2F37C870298A014800A2C83D /* Extension */ = {
			isa = PBXGroup;
			children = (
				2F37C86D2989FDF200A2C83D /* Color.swift */,
				2F37C876298A045100A2C83D /* Font.swift */,
				2F37C878298A076800A2C83D /* Text.swift */,
			);
			path = Extension;
			sourceTree = "<group>";
		};
		2F37C871298A016A00A2C83D /* Configuration */ = {
			isa = PBXGroup;
			children = (
				2F37C872298A017B00A2C83D /* Font */,
			);
			path = Configuration;
			sourceTree = "<group>";
		};
		2F37C872298A017B00A2C83D /* Font */ = {
			isa = PBXGroup;
			children = (
				2F37C873298A036600A2C83D /* SourceHanSerifK-VF.ttf */,
			);
			path = Font;
			sourceTree = "<group>";
		};
		2FFBF5B9298180CF005F8D50 = {
			isa = PBXGroup;
			children = (
				2FFBF5C4298180CF005F8D50 /* PenCake */,
				2FFBF5C3298180CF005F8D50 /* Products */,
			);
			sourceTree = "<group>";
		};
		2FFBF5C3298180CF005F8D50 /* Products */ = {
			isa = PBXGroup;
			children = (
				2FFBF5C2298180CF005F8D50 /* PenCake.app */,
			);
			name = Products;
			sourceTree = "<group>";
		};
		2FFBF5C4298180CF005F8D50 /* PenCake */ = {
			isa = PBXGroup;
			children = (
				2F37C875298A03E600A2C83D /* Info.plist */,
				2F37C871298A016A00A2C83D /* Configuration */,
				2F37C86F298A013500A2C83D /* Util */,
				2FFBF5C5298180CF005F8D50 /* PenCakeApp.swift */,
				2F37C86B2989140F00A2C83D /* Memo.swift */,
				2FFBF5C7298180CF005F8D50 /* MainView.swift */,
				2FFBF61829825D64005F8D50 /* MemoView.swift */,
				2FFBF61E2986470D005F8D50 /* UpdateDiaryTitleView.swift */,
				2FFBF61C29864535005F8D50 /* UpdateMemoView.swift */,
				2F37C87C298A531C00A2C83D /* CreateMemoView.swift */,
				2FFBF61A29860345005F8D50 /* PhotoPicker.swift */,
				2FFBF616298252F4005F8D50 /* ListView.swift */,
				2FFBF5C9298180D1005F8D50 /* Assets.xcassets */,
				2FFBF5CE298180D1005F8D50 /* Persistence.swift */,
				2FFBF5D0298180D1005F8D50 /* PenCake.xcdatamodeld */,
				2FFBF5CB298180D1005F8D50 /* Preview Content */,
			);
			path = PenCake;
			sourceTree = "<group>";
		};
		2FFBF5CB298180D1005F8D50 /* Preview Content */ = {
			isa = PBXGroup;
			children = (
				2FFBF5CC298180D1005F8D50 /* Preview Assets.xcassets */,
			);
			path = "Preview Content";
			sourceTree = "<group>";
		};
/* End PBXGroup section */

/* Begin PBXNativeTarget section */
		2FFBF5C1298180CF005F8D50 /* PenCake */ = {
			isa = PBXNativeTarget;
			buildConfigurationList = 2FFBF5D5298180D1005F8D50 /* Build configuration list for PBXNativeTarget "PenCake" */;
			buildPhases = (
				2FFBF5BE298180CF005F8D50 /* Sources */,
				2FFBF5BF298180CF005F8D50 /* Frameworks */,
				2FFBF5C0298180CF005F8D50 /* Resources */,
			);
			buildRules = (
			);
			dependencies = (
			);
			name = PenCake;
			productName = PenCake;
			productReference = 2FFBF5C2298180CF005F8D50 /* PenCake.app */;
			productType = "com.apple.product-type.application";
		};
/* End PBXNativeTarget section */

/* Begin PBXProject section */
		2FFBF5BA298180CF005F8D50 /* Project object */ = {
			isa = PBXProject;
			attributes = {
				BuildIndependentTargetsInParallel = 1;
				LastSwiftUpdateCheck = 1420;
				LastUpgradeCheck = 1420;
				TargetAttributes = {
					2FFBF5C1298180CF005F8D50 = {
						CreatedOnToolsVersion = 14.2;
					};
				};
			};
			buildConfigurationList = 2FFBF5BD298180CF005F8D50 /* Build configuration list for PBXProject "PenCake" */;
			compatibilityVersion = "Xcode 14.0";
			developmentRegion = en;
			hasScannedForEncodings = 0;
			knownRegions = (
				en,
				Base,
			);
			mainGroup = 2FFBF5B9298180CF005F8D50;
			productRefGroup = 2FFBF5C3298180CF005F8D50 /* Products */;
			projectDirPath = "";
			projectRoot = "";
			targets = (
				2FFBF5C1298180CF005F8D50 /* PenCake */,
			);
		};
/* End PBXProject section */

/* Begin PBXResourcesBuildPhase section */
		2FFBF5C0298180CF005F8D50 /* Resources */ = {
			isa = PBXResourcesBuildPhase;
			buildActionMask = 2147483647;
			files = (
				2FFBF5CD298180D1005F8D50 /* Preview Assets.xcassets in Resources */,
				2F37C874298A036600A2C83D /* SourceHanSerifK-VF.ttf in Resources */,
				2FFBF5CA298180D1005F8D50 /* Assets.xcassets in Resources */,
			);
			runOnlyForDeploymentPostprocessing = 0;
		};
/* End PBXResourcesBuildPhase section */

/* Begin PBXSourcesBuildPhase section */
		2FFBF5BE298180CF005F8D50 /* Sources */ = {
			isa = PBXSourcesBuildPhase;
			buildActionMask = 2147483647;
			files = (
				2FFBF5CF298180D1005F8D50 /* Persistence.swift in Sources */,
				2FFBF5C8298180CF005F8D50 /* MainView.swift in Sources */,
				2F37C86E2989FDF200A2C83D /* Color.swift in Sources */,
				2FFBF617298252F4005F8D50 /* ListView.swift in Sources */,
				2FFBF61F2986470D005F8D50 /* UpdateDiaryTitleView.swift in Sources */,
				2FFBF61D29864535005F8D50 /* UpdateMemoView.swift in Sources */,
				2FFBF61B29860345005F8D50 /* PhotoPicker.swift in Sources */,
				2FFBF5C6298180CF005F8D50 /* PenCakeApp.swift in Sources */,
				2F37C879298A076800A2C83D /* Text.swift in Sources */,
				2F37C87D298A531C00A2C83D /* CreateMemoView.swift in Sources */,
				2F37C877298A045100A2C83D /* Font.swift in Sources */,
				2FFBF61929825D64005F8D50 /* MemoView.swift in Sources */,
				2FFBF5D2298180D1005F8D50 /* PenCake.xcdatamodeld in Sources */,
				2F37C87B298A0FDD00A2C83D /* BackButton.swift in Sources */,
				2F37C86C2989140F00A2C83D /* Memo.swift in Sources */,
			);
			runOnlyForDeploymentPostprocessing = 0;
		};
/* End PBXSourcesBuildPhase section */

/* Begin XCBuildConfiguration section */
		2FFBF5D3298180D1005F8D50 /* Debug */ = {
			isa = XCBuildConfiguration;
			buildSettings = {
				ALWAYS_SEARCH_USER_PATHS = NO;
				CLANG_ANALYZER_NONNULL = YES;
				CLANG_ANALYZER_NUMBER_OBJECT_CONVERSION = YES_AGGRESSIVE;
				CLANG_CXX_LANGUAGE_STANDARD = "gnu++20";
				CLANG_ENABLE_MODULES = YES;
				CLANG_ENABLE_OBJC_ARC = YES;
				CLANG_ENABLE_OBJC_WEAK = YES;
				CLANG_WARN_BLOCK_CAPTURE_AUTORELEASING = YES;
				CLANG_WARN_BOOL_CONVERSION = YES;
				CLANG_WARN_COMMA = YES;
				CLANG_WARN_CONSTANT_CONVERSION = YES;
				CLANG_WARN_DEPRECATED_OBJC_IMPLEMENTATIONS = YES;
				CLANG_WARN_DIRECT_OBJC_ISA_USAGE = YES_ERROR;
				CLANG_WARN_DOCUMENTATION_COMMENTS = YES;
				CLANG_WARN_EMPTY_BODY = YES;
				CLANG_WARN_ENUM_CONVERSION = YES;
				CLANG_WARN_INFINITE_RECURSION = YES;
				CLANG_WARN_INT_CONVERSION = YES;
				CLANG_WARN_NON_LITERAL_NULL_CONVERSION = YES;
				CLANG_WARN_OBJC_IMPLICIT_RETAIN_SELF = YES;
				CLANG_WARN_OBJC_LITERAL_CONVERSION = YES;
				CLANG_WARN_OBJC_ROOT_CLASS = YES_ERROR;
				CLANG_WARN_QUOTED_INCLUDE_IN_FRAMEWORK_HEADER = YES;
				CLANG_WARN_RANGE_LOOP_ANALYSIS = YES;
				CLANG_WARN_STRICT_PROTOTYPES = YES;
				CLANG_WARN_SUSPICIOUS_MOVE = YES;
				CLANG_WARN_UNGUARDED_AVAILABILITY = YES_AGGRESSIVE;
				CLANG_WARN_UNREACHABLE_CODE = YES;
				CLANG_WARN__DUPLICATE_METHOD_MATCH = YES;
				COPY_PHASE_STRIP = NO;
				DEBUG_INFORMATION_FORMAT = dwarf;
				ENABLE_STRICT_OBJC_MSGSEND = YES;
				ENABLE_TESTABILITY = YES;
				GCC_C_LANGUAGE_STANDARD = gnu11;
				GCC_DYNAMIC_NO_PIC = NO;
				GCC_NO_COMMON_BLOCKS = YES;
				GCC_OPTIMIZATION_LEVEL = 0;
				GCC_PREPROCESSOR_DEFINITIONS = (
					"DEBUG=1",
					"$(inherited)",
				);
				GCC_WARN_64_TO_32_BIT_CONVERSION = YES;
				GCC_WARN_ABOUT_RETURN_TYPE = YES_ERROR;
				GCC_WARN_UNDECLARED_SELECTOR = YES;
				GCC_WARN_UNINITIALIZED_AUTOS = YES_AGGRESSIVE;
				GCC_WARN_UNUSED_FUNCTION = YES;
				GCC_WARN_UNUSED_VARIABLE = YES;
				IPHONEOS_DEPLOYMENT_TARGET = 16.2;
				MTL_ENABLE_DEBUG_INFO = INCLUDE_SOURCE;
				MTL_FAST_MATH = YES;
				ONLY_ACTIVE_ARCH = YES;
				SDKROOT = iphoneos;
				SWIFT_ACTIVE_COMPILATION_CONDITIONS = DEBUG;
				SWIFT_OPTIMIZATION_LEVEL = "-Onone";
			};
			name = Debug;
		};
		2FFBF5D4298180D1005F8D50 /* Release */ = {
			isa = XCBuildConfiguration;
			buildSettings = {
				ALWAYS_SEARCH_USER_PATHS = NO;
				CLANG_ANALYZER_NONNULL = YES;
				CLANG_ANALYZER_NUMBER_OBJECT_CONVERSION = YES_AGGRESSIVE;
				CLANG_CXX_LANGUAGE_STANDARD = "gnu++20";
				CLANG_ENABLE_MODULES = YES;
				CLANG_ENABLE_OBJC_ARC = YES;
				CLANG_ENABLE_OBJC_WEAK = YES;
				CLANG_WARN_BLOCK_CAPTURE_AUTORELEASING = YES;
				CLANG_WARN_BOOL_CONVERSION = YES;
				CLANG_WARN_COMMA = YES;
				CLANG_WARN_CONSTANT_CONVERSION = YES;
				CLANG_WARN_DEPRECATED_OBJC_IMPLEMENTATIONS = YES;
				CLANG_WARN_DIRECT_OBJC_ISA_USAGE = YES_ERROR;
				CLANG_WARN_DOCUMENTATION_COMMENTS = YES;
				CLANG_WARN_EMPTY_BODY = YES;
				CLANG_WARN_ENUM_CONVERSION = YES;
				CLANG_WARN_INFINITE_RECURSION = YES;
				CLANG_WARN_INT_CONVERSION = YES;
				CLANG_WARN_NON_LITERAL_NULL_CONVERSION = YES;
				CLANG_WARN_OBJC_IMPLICIT_RETAIN_SELF = YES;
				CLANG_WARN_OBJC_LITERAL_CONVERSION = YES;
				CLANG_WARN_OBJC_ROOT_CLASS = YES_ERROR;
				CLANG_WARN_QUOTED_INCLUDE_IN_FRAMEWORK_HEADER = YES;
				CLANG_WARN_RANGE_LOOP_ANALYSIS = YES;
				CLANG_WARN_STRICT_PROTOTYPES = YES;
				CLANG_WARN_SUSPICIOUS_MOVE = YES;
				CLANG_WARN_UNGUARDED_AVAILABILITY = YES_AGGRESSIVE;
				CLANG_WARN_UNREACHABLE_CODE = YES;
				CLANG_WARN__DUPLICATE_METHOD_MATCH = YES;
				COPY_PHASE_STRIP = NO;
				DEBUG_INFORMATION_FORMAT = "dwarf-with-dsym";
				ENABLE_NS_ASSERTIONS = NO;
				ENABLE_STRICT_OBJC_MSGSEND = YES;
				GCC_C_LANGUAGE_STANDARD = gnu11;
				GCC_NO_COMMON_BLOCKS = YES;
				GCC_WARN_64_TO_32_BIT_CONVERSION = YES;
				GCC_WARN_ABOUT_RETURN_TYPE = YES_ERROR;
				GCC_WARN_UNDECLARED_SELECTOR = YES;
				GCC_WARN_UNINITIALIZED_AUTOS = YES_AGGRESSIVE;
				GCC_WARN_UNUSED_FUNCTION = YES;
				GCC_WARN_UNUSED_VARIABLE = YES;
				IPHONEOS_DEPLOYMENT_TARGET = 16.2;
				MTL_ENABLE_DEBUG_INFO = NO;
				MTL_FAST_MATH = YES;
				SDKROOT = iphoneos;
				SWIFT_COMPILATION_MODE = wholemodule;
				SWIFT_OPTIMIZATION_LEVEL = "-O";
				VALIDATE_PRODUCT = YES;
			};
			name = Release;
		};
		2FFBF5D6298180D1005F8D50 /* Debug */ = {
			isa = XCBuildConfiguration;
			buildSettings = {
				ASSETCATALOG_COMPILER_APPICON_NAME = AppIcon;
				ASSETCATALOG_COMPILER_GLOBAL_ACCENT_COLOR_NAME = AccentColor;
				CODE_SIGN_STYLE = Automatic;
				CURRENT_PROJECT_VERSION = 1;
				DEVELOPMENT_ASSET_PATHS = "\"PenCake/Preview Content\"";
				DEVELOPMENT_TEAM = 6B2F2JB38S;
				ENABLE_PREVIEWS = YES;
				GENERATE_INFOPLIST_FILE = YES;
				INFOPLIST_FILE = PenCake/Info.plist;
				INFOPLIST_KEY_LSApplicationCategoryType = "";
				INFOPLIST_KEY_UIApplicationSceneManifest_Generation = YES;
				INFOPLIST_KEY_UIApplicationSupportsIndirectInputEvents = YES;
				INFOPLIST_KEY_UILaunchScreen_Generation = YES;
				INFOPLIST_KEY_UISupportedInterfaceOrientations_iPad = "UIInterfaceOrientationPortrait UIInterfaceOrientationPortraitUpsideDown UIInterfaceOrientationLandscapeLeft UIInterfaceOrientationLandscapeRight";
				INFOPLIST_KEY_UISupportedInterfaceOrientations_iPhone = "UIInterfaceOrientationPortrait UIInterfaceOrientationLandscapeLeft UIInterfaceOrientationLandscapeRight";
				LD_RUNPATH_SEARCH_PATHS = (
					"$(inherited)",
					"@executable_path/Frameworks",
				);
				MARKETING_VERSION = 1.0;
				PRODUCT_BUNDLE_IDENTIFIER = KyoungminNam.PenCake;
				PRODUCT_NAME = "$(TARGET_NAME)";
				SWIFT_EMIT_LOC_STRINGS = YES;
				SWIFT_VERSION = 5.0;
				TARGETED_DEVICE_FAMILY = "1,2";
			};
			name = Debug;
		};
		2FFBF5D7298180D1005F8D50 /* Release */ = {
			isa = XCBuildConfiguration;
			buildSettings = {
				ASSETCATALOG_COMPILER_APPICON_NAME = AppIcon;
				ASSETCATALOG_COMPILER_GLOBAL_ACCENT_COLOR_NAME = AccentColor;
				CODE_SIGN_STYLE = Automatic;
				CURRENT_PROJECT_VERSION = 1;
				DEVELOPMENT_ASSET_PATHS = "\"PenCake/Preview Content\"";
				DEVELOPMENT_TEAM = 6B2F2JB38S;
				ENABLE_PREVIEWS = YES;
				GENERATE_INFOPLIST_FILE = YES;
				INFOPLIST_FILE = PenCake/Info.plist;
				INFOPLIST_KEY_LSApplicationCategoryType = "";
				INFOPLIST_KEY_UIApplicationSceneManifest_Generation = YES;
				INFOPLIST_KEY_UIApplicationSupportsIndirectInputEvents = YES;
				INFOPLIST_KEY_UILaunchScreen_Generation = YES;
				INFOPLIST_KEY_UISupportedInterfaceOrientations_iPad = "UIInterfaceOrientationPortrait UIInterfaceOrientationPortraitUpsideDown UIInterfaceOrientationLandscapeLeft UIInterfaceOrientationLandscapeRight";
				INFOPLIST_KEY_UISupportedInterfaceOrientations_iPhone = "UIInterfaceOrientationPortrait UIInterfaceOrientationLandscapeLeft UIInterfaceOrientationLandscapeRight";
				LD_RUNPATH_SEARCH_PATHS = (
					"$(inherited)",
					"@executable_path/Frameworks",
				);
				MARKETING_VERSION = 1.0;
				PRODUCT_BUNDLE_IDENTIFIER = KyoungminNam.PenCake;
				PRODUCT_NAME = "$(TARGET_NAME)";
				SWIFT_EMIT_LOC_STRINGS = YES;
				SWIFT_VERSION = 5.0;
				TARGETED_DEVICE_FAMILY = "1,2";
			};
			name = Release;
		};
/* End XCBuildConfiguration section */

/* Begin XCConfigurationList section */
		2FFBF5BD298180CF005F8D50 /* Build configuration list for PBXProject "PenCake" */ = {
			isa = XCConfigurationList;
			buildConfigurations = (
				2FFBF5D3298180D1005F8D50 /* Debug */,
				2FFBF5D4298180D1005F8D50 /* Release */,
			);
			defaultConfigurationIsVisible = 0;
			defaultConfigurationName = Release;
		};
		2FFBF5D5298180D1005F8D50 /* Build configuration list for PBXNativeTarget "PenCake" */ = {
			isa = XCConfigurationList;
			buildConfigurations = (
				2FFBF5D6298180D1005F8D50 /* Debug */,
				2FFBF5D7298180D1005F8D50 /* Release */,
			);
			defaultConfigurationIsVisible = 0;
			defaultConfigurationName = Release;
		};
/* End XCConfigurationList section */

/* Begin XCVersionGroup section */
		2FFBF5D0298180D1005F8D50 /* PenCake.xcdatamodeld */ = {
			isa = XCVersionGroup;
			children = (
				2FFBF5D1298180D1005F8D50 /* PenCake.xcdatamodel */,
			);
			currentVersion = 2FFBF5D1298180D1005F8D50 /* PenCake.xcdatamodel */;
			path = PenCake.xcdatamodeld;
			sourceTree = "<group>";
			versionGroupType = wrapper.xcdatamodel;
		};
/* End XCVersionGroup section */
	};
	rootObject = 2FFBF5BA298180CF005F8D50 /* Project object */;
}
